
Microsoft Visual Studio Solution File, Format Version 12.00
# Visual Studio Version 16
VisualStudioVersion = 16.0.29613.14
MinimumVisualStudioVersion = 10.0.40219.1
Project("{2150E333-8FDC-42A3-9474-1A3956D46DE8}") = "OrderManagement", "OrderManagement", "{A3899168-EEE5-42DB-9BA7-4397F589B785}"
EndProject
Project("{2150E333-8FDC-42A3-9474-1A3956D46DE8}") = "Optimizer", "Optimizer", "{A1D06767-CB7B-46C7-8FF1-3A61D9CCC8DA}"
EndProject
Project("{2150E333-8FDC-42A3-9474-1A3956D46DE8}") = "Dashboard", "Dashboard", "{20261243-ABAD-4CC0-AC62-75C821895EE0}"
EndProject
Project("{2150E333-8FDC-42A3-9474-1A3956D46DE8}") = "ExternalInterface", "ExternalInterface", "{2CF8A806-F0A8-4DCB-A109-22A052B83C60}"
EndProject
Project("{2150E333-8FDC-42A3-9474-1A3956D46DE8}") = "Data", "Data", "{599D24FB-8BEB-48A0-B8AA-C73B6FEB1E12}"
EndProject
Project("{2150E333-8FDC-42A3-9474-1A3956D46DE8}") = "Application", "Application", "{18EBB1DD-896C-4F51-A96A-41CDBDA23335}"
EndProject
Project("{2150E333-8FDC-42A3-9474-1A3956D46DE8}") = "Infrastructure", "Infrastructure", "{4B23EC59-9493-40B6-9ED2-E70AD1C4FDD8}"
EndProject
Project("{2150E333-8FDC-42A3-9474-1A3956D46DE8}") = "Domain", "Domain", "{34B4B111-80D3-403B-A20F-16E9AB45DDBB}"
EndProject
Project("{2150E333-8FDC-42A3-9474-1A3956D46DE8}") = "Common", "Common", "{9375E887-1601-4A4F-BBA7-623D93A409CF}"
EndProject
Project("{2150E333-8FDC-42A3-9474-1A3956D46DE8}") = "Application", "Application", "{D84A0DB6-9F3A-4006-9DE3-913CFC82C787}"
EndProject
Project("{2150E333-8FDC-42A3-9474-1A3956D46DE8}") = "Data", "Data", "{DB6AC4B5-4C15-4426-9EE8-BDA89F1CF450}"
EndProject
Project("{2150E333-8FDC-42A3-9474-1A3956D46DE8}") = "Domain", "Domain", "{2C21ABBD-F527-4BF1-A58F-3F3D740ACC55}"
EndProject
Project("{2150E333-8FDC-42A3-9474-1A3956D46DE8}") = "Infrastructure", "Infrastructure", "{808897E0-B4C9-4C51-ADB3-9ABCDC73327C}"
EndProject
Project("{2150E333-8FDC-42A3-9474-1A3956D46DE8}") = "Data", "Data", "{FD2BDAED-8BC5-4866-98EB-71A94E1B3D5F}"
EndProject
Project("{2150E333-8FDC-42A3-9474-1A3956D46DE8}") = "Application", "Application", "{982C4738-4925-4401-8138-8E1B4842C08A}"
EndProject
Project("{2150E333-8FDC-42A3-9474-1A3956D46DE8}") = "SharedKernel", "SharedKernel", "{5682C434-6EBD-4AF8-A5F3-9D9AF1BDD2A2}"
EndProject
Project("{FAE04EC0-301F-11D3-BF4B-00C04F79EFBC}") = "SmartBuy.OrderManagement.Application", "SmartBuy.OrderManagement.Application\SmartBuy.OrderManagement.Application.csproj", "{F34B25D5-BFB5-496D-9742-9C8C549091C3}"
EndProject
Project("{FAE04EC0-301F-11D3-BF4B-00C04F79EFBC}") = "SmartBuy.OrderManagement.Application.Tests", "SmartBuy.OrderManagement.Application.Tests\SmartBuy.OrderManagement.Application.Tests.csproj", "{0F5D1FD9-D440-476C-9E5A-004ED5358FC4}"
EndProject
Project("{FAE04EC0-301F-11D3-BF4B-00C04F79EFBC}") = "SmartBuy.OrderManagement.Data", "SmartBuy.OrderManagement.Data\SmartBuy.OrderManagement.Data.csproj", "{2B884861-8F0C-41F3-9ADB-C0985463DC5C}"
EndProject
Project("{FAE04EC0-301F-11D3-BF4B-00C04F79EFBC}") = "SmartBuy.OrderManagement.Domain", "SmartBuy.OrderManagement.Domain\SmartBuy.OrderManagement.Domain.csproj", "{F8CC873B-75F6-4993-BA1B-B4E8DB2D4037}"
EndProject
Project("{FAE04EC0-301F-11D3-BF4B-00C04F79EFBC}") = "SmartBuy.OrderManagement.Domain.Services", "SmartBuy.OrderManagement.Domain.Services\SmartBuy.OrderManagement.Domain.Services.csproj", "{166F6D05-3E65-4B36-9620-8A3809D6A747}"
EndProject
Project("{FAE04EC0-301F-11D3-BF4B-00C04F79EFBC}") = "SmartBuy.OrderManagement.Data.Tests", "SmartBuy.OrderManagement.Data.Tests\SmartBuy.OrderManagement.Data.Tests.csproj", "{E97F17B6-1AEA-4AC5-A168-C6FFF1255343}"
EndProject
Project("{FAE04EC0-301F-11D3-BF4B-00C04F79EFBC}") = "SmartBuy.OrderManagement.Domain.Tests", "SmartBuy.OrderManagement.Domain.Tests\SmartBuy.OrderManagement.Domain.Tests.csproj", "{071AF694-2128-4DB8-BFA5-04CEC2265B23}"
EndProject
Project("{FAE04EC0-301F-11D3-BF4B-00C04F79EFBC}") = "SmartBuy.OrderManagement.Data.Abstractions", "SmartBuy.OrderManagement.Data.Abstractions\SmartBuy.OrderManagement.Data.Abstractions.csproj", "{0655C987-D8F1-4297-BD7E-B1D716A10EAA}"
EndProject
Project("{FAE04EC0-301F-11D3-BF4B-00C04F79EFBC}") = "SmartBuy.OrderManagement.Domain.Services.Abstractions", "SmartBuy.OrderManagement.Domain.Services.Abstractions\SmartBuy.OrderManagement.Domain.Services.Abstractions.csproj", "{8F7D628B-5891-46A6-B0BA-9467EE5C46A5}"
EndProject
Project("{FAE04EC0-301F-11D3-BF4B-00C04F79EFBC}") = "SmartBuy.OrderManagement.Application.Abstractions", "SmartBuy.OrderManagement.Application.Abstractions\SmartBuy.OrderManagement.Application.Abstractions.csproj", "{D53D2A2D-680C-4213-AB44-71966A7C8171}"
EndProject
Project("{FAE04EC0-301F-11D3-BF4B-00C04F79EFBC}") = "SmartBuy.OrderManagement.Infrastructure", "SmartBuy.OrderManagement.Infrastructure\SmartBuy.OrderManagement.Infrastructure.csproj", "{D0D0FA8B-7ED5-46CA-B542-624BA9AA7E5F}"
EndProject
Project("{FAE04EC0-301F-11D3-BF4B-00C04F79EFBC}") = "SmartBuy.OrderManagement.Infrastructure.Abstractions", "SmartBuy.OrderManagement.Infrastructure.Abstractions\SmartBuy.OrderManagement.Infrastructure.Abstractions.csproj", "{BE675E8C-46AB-4267-850D-47628B4777FC}"
EndProject
Project("{FAE04EC0-301F-11D3-BF4B-00C04F79EFBC}") = "SmartBuy.OrderManagement.Infrastructure.Tests", "SmartBuy.OrderManagement.Infrastructure.Tests\SmartBuy.OrderManagement.Infrastructure.Tests.csproj", "{D9BCA2F9-190C-4B7E-8A99-3BC94FBE94C6}"
EndProject
Project("{FAE04EC0-301F-11D3-BF4B-00C04F79EFBC}") = "SmartBuy.Optimizer.Application", "SmartBuy.Optimizer.Application\SmartBuy.Optimizer.Application.csproj", "{71F654C9-5AC3-465F-88FE-0910E6636A78}"
EndProject
Project("{FAE04EC0-301F-11D3-BF4B-00C04F79EFBC}") = "SmartBuy.Optimizer.Application.Abstractions", "SmartBuy.Optimizer.Application.Abstractions\SmartBuy.Optimizer.Application.Abstractions.csproj", "{A42D3140-6504-4114-BA0D-DBC8760547E5}"
EndProject
Project("{FAE04EC0-301F-11D3-BF4B-00C04F79EFBC}") = "SmartBuy.Optimizer.Application.Tests", "SmartBuy.Optimizer.Application.Tests\SmartBuy.Optimizer.Application.Tests.csproj", "{0A73ABD3-B997-45CC-93E6-E99B93576C40}"
EndProject
Project("{FAE04EC0-301F-11D3-BF4B-00C04F79EFBC}") = "SmartBuy.Optimizer.Data", "SmartBuy.Optimizer.Data\SmartBuy.Optimizer.Data.csproj", "{77FF564F-8186-4DA3-BCB5-42B2AB0560F3}"
EndProject
Project("{FAE04EC0-301F-11D3-BF4B-00C04F79EFBC}") = "SmartBuy.Optimizer.Data.Abstractions", "SmartBuy.Optimizer.Data.Abstractions\SmartBuy.Optimizer.Data.Abstractions.csproj", "{20CEB52D-8B69-4A51-B0A3-A9DF4FC407A7}"
EndProject
Project("{FAE04EC0-301F-11D3-BF4B-00C04F79EFBC}") = "SmartBuy.Optimizer.Data.Tests", "SmartBuy.Optimizer.Data.Tests\SmartBuy.Optimizer.Data.Tests.csproj", "{0127CDEC-407C-47B7-8711-7A52CD6B70F2}"
EndProject
Project("{FAE04EC0-301F-11D3-BF4B-00C04F79EFBC}") = "SmartBuy.Optimizer.Domain", "SmartBuy.Optimizer.Domain\SmartBuy.Optimizer.Domain.csproj", "{E23065D4-DB67-41AB-9905-5A61FA7724F6}"
EndProject
Project("{FAE04EC0-301F-11D3-BF4B-00C04F79EFBC}") = "SmartBuy.Optimizer.Domain.Services", "SmartBuy.Optimizer.Domain.Services\SmartBuy.Optimizer.Domain.Services.csproj", "{E24283AF-AC46-4B09-B92F-4C39211DF17B}"
EndProject
Project("{FAE04EC0-301F-11D3-BF4B-00C04F79EFBC}") = "SmartBuy.Optimizer.Domain.Abstractions", "SmartBuy.Optimizer.Domain.Abstractions\SmartBuy.Optimizer.Domain.Abstractions.csproj", "{32BAF72D-D19F-4F6A-9FDD-8934766BEBEE}"
EndProject
Project("{FAE04EC0-301F-11D3-BF4B-00C04F79EFBC}") = "SmartBuy.Optimizer.Domain.Tests", "SmartBuy.Optimizer.Domain.Tests\SmartBuy.Optimizer.Domain.Tests.csproj", "{691F6739-2839-48CE-8AA9-AED5165E8747}"
EndProject
Project("{FAE04EC0-301F-11D3-BF4B-00C04F79EFBC}") = "SmartBuy.Optimizer.Infrastructure", "SmartBuy.Optimizer.Infrastructure\SmartBuy.Optimizer.Infrastructure.csproj", "{E4426C17-52BB-4CC2-A988-74E12FAA188A}"
EndProject
Project("{FAE04EC0-301F-11D3-BF4B-00C04F79EFBC}") = "SmartBuy.Optimizer.Infrastructure.Abstractions", "SmartBuy.Optimizer.Infrastructure.Abstractions\SmartBuy.Optimizer.Infrastructure.Abstractions.csproj", "{BD9704F6-60A2-46F1-AB9D-6FA5CC1A39B9}"
EndProject
Project("{FAE04EC0-301F-11D3-BF4B-00C04F79EFBC}") = "SmartBuy.Optimizer.Infrastructure.Tests", "SmartBuy.Optimizer.Infrastructure.Tests\SmartBuy.Optimizer.Infrastructure.Tests.csproj", "{F1A3C9F0-76B8-46BD-AA94-54ED5F6AC202}"
EndProject
Project("{FAE04EC0-301F-11D3-BF4B-00C04F79EFBC}") = "SmartBuy.Dashboard.Application", "SmartBuy.Dashboard.Application\SmartBuy.Dashboard.Application.csproj", "{7A1A3BDB-BC03-4992-917F-0350572DA3DD}"
EndProject
Project("{FAE04EC0-301F-11D3-BF4B-00C04F79EFBC}") = "SmartBuy.Dashboard.Application.Abstractions", "SmartBuy.Dashboard.Application.Abstractions\SmartBuy.Dashboard.Application.Abstractions.csproj", "{FE73AE6A-1D2C-41F2-8204-7AA66109BFD0}"
EndProject
Project("{FAE04EC0-301F-11D3-BF4B-00C04F79EFBC}") = "SmartBuy.Dashboard.Application.Tests", "SmartBuy.Dashboard.Application.Tests\SmartBuy.Dashboard.Application.Tests.csproj", "{80854CDA-CCFE-4B4B-982E-B3AC64D3DA54}"
EndProject
Project("{FAE04EC0-301F-11D3-BF4B-00C04F79EFBC}") = "SmartBuy.Dashboard.Data", "SmartBuy.Dashboard.Data\SmartBuy.Dashboard.Data.csproj", "{DA0091ED-67F2-46A0-91D8-2CCF04DF0971}"
EndProject
Project("{FAE04EC0-301F-11D3-BF4B-00C04F79EFBC}") = "SmartBuy.Dashboard.Data.Abstractions", "SmartBuy.Dashboard.Data.Abstractions\SmartBuy.Dashboard.Data.Abstractions.csproj", "{C4225AD5-0CCC-4506-8FC0-03EC182D78AB}"
EndProject
Project("{FAE04EC0-301F-11D3-BF4B-00C04F79EFBC}") = "SmartBuy.Dashboard.Data.Tests", "SmartBuy.Dashboard.Data.Tests\SmartBuy.Dashboard.Data.Tests.csproj", "{9C30BA1E-7FA9-4E8D-8FEA-692CAAC20EB8}"
EndProject
Project("{FAE04EC0-301F-11D3-BF4B-00C04F79EFBC}") = "SmartBuy.SharedKernel", "SmartBuy.SharedKernel\SmartBuy.SharedKernel.csproj", "{6DC0E87A-CA21-4B40-82C5-FF5671EB763A}"
EndProject
Project("{FAE04EC0-301F-11D3-BF4B-00C04F79EFBC}") = "SmartBuy.SharedKernel.Tests", "SmartBuy.SharedKernel.Tests\SmartBuy.SharedKernel.Tests.csproj", "{D82DB4F8-419E-4173-9ABF-2A3F5CBE6A03}"
EndProject
Project("{2150E333-8FDC-42A3-9474-1A3956D46DE8}") = "SharedDatabase", "SharedDatabase", "{1E378FDA-B062-4C1C-9466-6F83BA28F63D}"
EndProject
Project("{FAE04EC0-301F-11D3-BF4B-00C04F79EFBC}") = "SmartBuy.SharedDatabase", "SmartBuy.Database\SmartBuy.SharedDatabase.csproj", "{13FCFB4F-A078-4418-8CDE-BDBD40E8A447}"
EndProject
Project("{FAE04EC0-301F-11D3-BF4B-00C04F79EFBC}") = "SmartBuy.SharedDatabase.Tests", "SmartBuy.SharedDatabase.Tests\SmartBuy.SharedDatabase.Tests.csproj", "{83C4A9A4-2856-41D7-8A99-D9B8B836945A}"
EndProject
Global
	GlobalSection(SolutionConfigurationPlatforms) = preSolution
		Debug|Any CPU = Debug|Any CPU
		Release|Any CPU = Release|Any CPU
	EndGlobalSection
	GlobalSection(ProjectConfigurationPlatforms) = postSolution
		{F34B25D5-BFB5-496D-9742-9C8C549091C3}.Debug|Any CPU.ActiveCfg = Debug|Any CPU
		{F34B25D5-BFB5-496D-9742-9C8C549091C3}.Debug|Any CPU.Build.0 = Debug|Any CPU
		{F34B25D5-BFB5-496D-9742-9C8C549091C3}.Release|Any CPU.ActiveCfg = Release|Any CPU
		{F34B25D5-BFB5-496D-9742-9C8C549091C3}.Release|Any CPU.Build.0 = Release|Any CPU
		{0F5D1FD9-D440-476C-9E5A-004ED5358FC4}.Debug|Any CPU.ActiveCfg = Debug|Any CPU
		{0F5D1FD9-D440-476C-9E5A-004ED5358FC4}.Debug|Any CPU.Build.0 = Debug|Any CPU
		{0F5D1FD9-D440-476C-9E5A-004ED5358FC4}.Release|Any CPU.ActiveCfg = Release|Any CPU
		{0F5D1FD9-D440-476C-9E5A-004ED5358FC4}.Release|Any CPU.Build.0 = Release|Any CPU
		{2B884861-8F0C-41F3-9ADB-C0985463DC5C}.Debug|Any CPU.ActiveCfg = Debug|Any CPU
		{2B884861-8F0C-41F3-9ADB-C0985463DC5C}.Debug|Any CPU.Build.0 = Debug|Any CPU
		{2B884861-8F0C-41F3-9ADB-C0985463DC5C}.Release|Any CPU.ActiveCfg = Release|Any CPU
		{2B884861-8F0C-41F3-9ADB-C0985463DC5C}.Release|Any CPU.Build.0 = Release|Any CPU
		{F8CC873B-75F6-4993-BA1B-B4E8DB2D4037}.Debug|Any CPU.ActiveCfg = Debug|Any CPU
		{F8CC873B-75F6-4993-BA1B-B4E8DB2D4037}.Debug|Any CPU.Build.0 = Debug|Any CPU
		{F8CC873B-75F6-4993-BA1B-B4E8DB2D4037}.Release|Any CPU.ActiveCfg = Release|Any CPU
		{F8CC873B-75F6-4993-BA1B-B4E8DB2D4037}.Release|Any CPU.Build.0 = Release|Any CPU
		{166F6D05-3E65-4B36-9620-8A3809D6A747}.Debug|Any CPU.ActiveCfg = Debug|Any CPU
		{166F6D05-3E65-4B36-9620-8A3809D6A747}.Debug|Any CPU.Build.0 = Debug|Any CPU
		{166F6D05-3E65-4B36-9620-8A3809D6A747}.Release|Any CPU.ActiveCfg = Release|Any CPU
		{166F6D05-3E65-4B36-9620-8A3809D6A747}.Release|Any CPU.Build.0 = Release|Any CPU
		{E97F17B6-1AEA-4AC5-A168-C6FFF1255343}.Debug|Any CPU.ActiveCfg = Debug|Any CPU
		{E97F17B6-1AEA-4AC5-A168-C6FFF1255343}.Debug|Any CPU.Build.0 = Debug|Any CPU
		{E97F17B6-1AEA-4AC5-A168-C6FFF1255343}.Release|Any CPU.ActiveCfg = Release|Any CPU
		{E97F17B6-1AEA-4AC5-A168-C6FFF1255343}.Release|Any CPU.Build.0 = Release|Any CPU
		{071AF694-2128-4DB8-BFA5-04CEC2265B23}.Debug|Any CPU.ActiveCfg = Debug|Any CPU
		{071AF694-2128-4DB8-BFA5-04CEC2265B23}.Debug|Any CPU.Build.0 = Debug|Any CPU
		{071AF694-2128-4DB8-BFA5-04CEC2265B23}.Release|Any CPU.ActiveCfg = Release|Any CPU
		{071AF694-2128-4DB8-BFA5-04CEC2265B23}.Release|Any CPU.Build.0 = Release|Any CPU
		{0655C987-D8F1-4297-BD7E-B1D716A10EAA}.Debug|Any CPU.ActiveCfg = Debug|Any CPU
		{0655C987-D8F1-4297-BD7E-B1D716A10EAA}.Debug|Any CPU.Build.0 = Debug|Any CPU
		{0655C987-D8F1-4297-BD7E-B1D716A10EAA}.Release|Any CPU.ActiveCfg = Release|Any CPU
		{0655C987-D8F1-4297-BD7E-B1D716A10EAA}.Release|Any CPU.Build.0 = Release|Any CPU
		{8F7D628B-5891-46A6-B0BA-9467EE5C46A5}.Debug|Any CPU.ActiveCfg = Debug|Any CPU
		{8F7D628B-5891-46A6-B0BA-9467EE5C46A5}.Debug|Any CPU.Build.0 = Debug|Any CPU
		{8F7D628B-5891-46A6-B0BA-9467EE5C46A5}.Release|Any CPU.ActiveCfg = Release|Any CPU
		{8F7D628B-5891-46A6-B0BA-9467EE5C46A5}.Release|Any CPU.Build.0 = Release|Any CPU
		{D53D2A2D-680C-4213-AB44-71966A7C8171}.Debug|Any CPU.ActiveCfg = Debug|Any CPU
		{D53D2A2D-680C-4213-AB44-71966A7C8171}.Debug|Any CPU.Build.0 = Debug|Any CPU
		{D53D2A2D-680C-4213-AB44-71966A7C8171}.Release|Any CPU.ActiveCfg = Release|Any CPU
		{D53D2A2D-680C-4213-AB44-71966A7C8171}.Release|Any CPU.Build.0 = Release|Any CPU
		{D0D0FA8B-7ED5-46CA-B542-624BA9AA7E5F}.Debug|Any CPU.ActiveCfg = Debug|Any CPU
		{D0D0FA8B-7ED5-46CA-B542-624BA9AA7E5F}.Debug|Any CPU.Build.0 = Debug|Any CPU
		{D0D0FA8B-7ED5-46CA-B542-624BA9AA7E5F}.Release|Any CPU.ActiveCfg = Release|Any CPU
		{D0D0FA8B-7ED5-46CA-B542-624BA9AA7E5F}.Release|Any CPU.Build.0 = Release|Any CPU
		{BE675E8C-46AB-4267-850D-47628B4777FC}.Debug|Any CPU.ActiveCfg = Debug|Any CPU
		{BE675E8C-46AB-4267-850D-47628B4777FC}.Debug|Any CPU.Build.0 = Debug|Any CPU
		{BE675E8C-46AB-4267-850D-47628B4777FC}.Release|Any CPU.ActiveCfg = Release|Any CPU
		{BE675E8C-46AB-4267-850D-47628B4777FC}.Release|Any CPU.Build.0 = Release|Any CPU
		{D9BCA2F9-190C-4B7E-8A99-3BC94FBE94C6}.Debug|Any CPU.ActiveCfg = Debug|Any CPU
		{D9BCA2F9-190C-4B7E-8A99-3BC94FBE94C6}.Debug|Any CPU.Build.0 = Debug|Any CPU
		{D9BCA2F9-190C-4B7E-8A99-3BC94FBE94C6}.Release|Any CPU.ActiveCfg = Release|Any CPU
		{D9BCA2F9-190C-4B7E-8A99-3BC94FBE94C6}.Release|Any CPU.Build.0 = Release|Any CPU
		{71F654C9-5AC3-465F-88FE-0910E6636A78}.Debug|Any CPU.ActiveCfg = Debug|Any CPU
		{71F654C9-5AC3-465F-88FE-0910E6636A78}.Debug|Any CPU.Build.0 = Debug|Any CPU
		{71F654C9-5AC3-465F-88FE-0910E6636A78}.Release|Any CPU.ActiveCfg = Release|Any CPU
		{71F654C9-5AC3-465F-88FE-0910E6636A78}.Release|Any CPU.Build.0 = Release|Any CPU
		{A42D3140-6504-4114-BA0D-DBC8760547E5}.Debug|Any CPU.ActiveCfg = Debug|Any CPU
		{A42D3140-6504-4114-BA0D-DBC8760547E5}.Debug|Any CPU.Build.0 = Debug|Any CPU
		{A42D3140-6504-4114-BA0D-DBC8760547E5}.Release|Any CPU.ActiveCfg = Release|Any CPU
		{A42D3140-6504-4114-BA0D-DBC8760547E5}.Release|Any CPU.Build.0 = Release|Any CPU
		{0A73ABD3-B997-45CC-93E6-E99B93576C40}.Debug|Any CPU.ActiveCfg = Debug|Any CPU
		{0A73ABD3-B997-45CC-93E6-E99B93576C40}.Debug|Any CPU.Build.0 = Debug|Any CPU
		{0A73ABD3-B997-45CC-93E6-E99B93576C40}.Release|Any CPU.ActiveCfg = Release|Any CPU
		{0A73ABD3-B997-45CC-93E6-E99B93576C40}.Release|Any CPU.Build.0 = Release|Any CPU
		{77FF564F-8186-4DA3-BCB5-42B2AB0560F3}.Debug|Any CPU.ActiveCfg = Debug|Any CPU
		{77FF564F-8186-4DA3-BCB5-42B2AB0560F3}.Debug|Any CPU.Build.0 = Debug|Any CPU
		{77FF564F-8186-4DA3-BCB5-42B2AB0560F3}.Release|Any CPU.ActiveCfg = Release|Any CPU
		{77FF564F-8186-4DA3-BCB5-42B2AB0560F3}.Release|Any CPU.Build.0 = Release|Any CPU
		{20CEB52D-8B69-4A51-B0A3-A9DF4FC407A7}.Debug|Any CPU.ActiveCfg = Debug|Any CPU
		{20CEB52D-8B69-4A51-B0A3-A9DF4FC407A7}.Debug|Any CPU.Build.0 = Debug|Any CPU
		{20CEB52D-8B69-4A51-B0A3-A9DF4FC407A7}.Release|Any CPU.ActiveCfg = Release|Any CPU
		{20CEB52D-8B69-4A51-B0A3-A9DF4FC407A7}.Release|Any CPU.Build.0 = Release|Any CPU
		{0127CDEC-407C-47B7-8711-7A52CD6B70F2}.Debug|Any CPU.ActiveCfg = Debug|Any CPU
		{0127CDEC-407C-47B7-8711-7A52CD6B70F2}.Debug|Any CPU.Build.0 = Debug|Any CPU
		{0127CDEC-407C-47B7-8711-7A52CD6B70F2}.Release|Any CPU.ActiveCfg = Release|Any CPU
		{0127CDEC-407C-47B7-8711-7A52CD6B70F2}.Release|Any CPU.Build.0 = Release|Any CPU
		{E23065D4-DB67-41AB-9905-5A61FA7724F6}.Debug|Any CPU.ActiveCfg = Debug|Any CPU
		{E23065D4-DB67-41AB-9905-5A61FA7724F6}.Debug|Any CPU.Build.0 = Debug|Any CPU
		{E23065D4-DB67-41AB-9905-5A61FA7724F6}.Release|Any CPU.ActiveCfg = Release|Any CPU
		{E23065D4-DB67-41AB-9905-5A61FA7724F6}.Release|Any CPU.Build.0 = Release|Any CPU
		{E24283AF-AC46-4B09-B92F-4C39211DF17B}.Debug|Any CPU.ActiveCfg = Debug|Any CPU
		{E24283AF-AC46-4B09-B92F-4C39211DF17B}.Debug|Any CPU.Build.0 = Debug|Any CPU
		{E24283AF-AC46-4B09-B92F-4C39211DF17B}.Release|Any CPU.ActiveCfg = Release|Any CPU
		{E24283AF-AC46-4B09-B92F-4C39211DF17B}.Release|Any CPU.Build.0 = Release|Any CPU
		{32BAF72D-D19F-4F6A-9FDD-8934766BEBEE}.Debug|Any CPU.ActiveCfg = Debug|Any CPU
		{32BAF72D-D19F-4F6A-9FDD-8934766BEBEE}.Debug|Any CPU.Build.0 = Debug|Any CPU
		{32BAF72D-D19F-4F6A-9FDD-8934766BEBEE}.Release|Any CPU.ActiveCfg = Release|Any CPU
		{32BAF72D-D19F-4F6A-9FDD-8934766BEBEE}.Release|Any CPU.Build.0 = Release|Any CPU
		{691F6739-2839-48CE-8AA9-AED5165E8747}.Debug|Any CPU.ActiveCfg = Debug|Any CPU
		{691F6739-2839-48CE-8AA9-AED5165E8747}.Debug|Any CPU.Build.0 = Debug|Any CPU
		{691F6739-2839-48CE-8AA9-AED5165E8747}.Release|Any CPU.ActiveCfg = Release|Any CPU
		{691F6739-2839-48CE-8AA9-AED5165E8747}.Release|Any CPU.Build.0 = Release|Any CPU
		{E4426C17-52BB-4CC2-A988-74E12FAA188A}.Debug|Any CPU.ActiveCfg = Debug|Any CPU
		{E4426C17-52BB-4CC2-A988-74E12FAA188A}.Debug|Any CPU.Build.0 = Debug|Any CPU
		{E4426C17-52BB-4CC2-A988-74E12FAA188A}.Release|Any CPU.ActiveCfg = Release|Any CPU
		{E4426C17-52BB-4CC2-A988-74E12FAA188A}.Release|Any CPU.Build.0 = Release|Any CPU
		{BD9704F6-60A2-46F1-AB9D-6FA5CC1A39B9}.Debug|Any CPU.ActiveCfg = Debug|Any CPU
		{BD9704F6-60A2-46F1-AB9D-6FA5CC1A39B9}.Debug|Any CPU.Build.0 = Debug|Any CPU
		{BD9704F6-60A2-46F1-AB9D-6FA5CC1A39B9}.Release|Any CPU.ActiveCfg = Release|Any CPU
		{BD9704F6-60A2-46F1-AB9D-6FA5CC1A39B9}.Release|Any CPU.Build.0 = Release|Any CPU
		{F1A3C9F0-76B8-46BD-AA94-54ED5F6AC202}.Debug|Any CPU.ActiveCfg = Debug|Any CPU
		{F1A3C9F0-76B8-46BD-AA94-54ED5F6AC202}.Debug|Any CPU.Build.0 = Debug|Any CPU
		{F1A3C9F0-76B8-46BD-AA94-54ED5F6AC202}.Release|Any CPU.ActiveCfg = Release|Any CPU
		{F1A3C9F0-76B8-46BD-AA94-54ED5F6AC202}.Release|Any CPU.Build.0 = Release|Any CPU
		{7A1A3BDB-BC03-4992-917F-0350572DA3DD}.Debug|Any CPU.ActiveCfg = Debug|Any CPU
		{7A1A3BDB-BC03-4992-917F-0350572DA3DD}.Debug|Any CPU.Build.0 = Debug|Any CPU
		{7A1A3BDB-BC03-4992-917F-0350572DA3DD}.Release|Any CPU.ActiveCfg = Release|Any CPU
		{7A1A3BDB-BC03-4992-917F-0350572DA3DD}.Release|Any CPU.Build.0 = Release|Any CPU
		{FE73AE6A-1D2C-41F2-8204-7AA66109BFD0}.Debug|Any CPU.ActiveCfg = Debug|Any CPU
		{FE73AE6A-1D2C-41F2-8204-7AA66109BFD0}.Debug|Any CPU.Build.0 = Debug|Any CPU
		{FE73AE6A-1D2C-41F2-8204-7AA66109BFD0}.Release|Any CPU.ActiveCfg = Release|Any CPU
		{FE73AE6A-1D2C-41F2-8204-7AA66109BFD0}.Release|Any CPU.Build.0 = Release|Any CPU
		{80854CDA-CCFE-4B4B-982E-B3AC64D3DA54}.Debug|Any CPU.ActiveCfg = Debug|Any CPU
		{80854CDA-CCFE-4B4B-982E-B3AC64D3DA54}.Debug|Any CPU.Build.0 = Debug|Any CPU
		{80854CDA-CCFE-4B4B-982E-B3AC64D3DA54}.Release|Any CPU.ActiveCfg = Release|Any CPU
		{80854CDA-CCFE-4B4B-982E-B3AC64D3DA54}.Release|Any CPU.Build.0 = Release|Any CPU
		{DA0091ED-67F2-46A0-91D8-2CCF04DF0971}.Debug|Any CPU.ActiveCfg = Debug|Any CPU
		{DA0091ED-67F2-46A0-91D8-2CCF04DF0971}.Debug|Any CPU.Build.0 = Debug|Any CPU
		{DA0091ED-67F2-46A0-91D8-2CCF04DF0971}.Release|Any CPU.ActiveCfg = Release|Any CPU
		{DA0091ED-67F2-46A0-91D8-2CCF04DF0971}.Release|Any CPU.Build.0 = Release|Any CPU
		{C4225AD5-0CCC-4506-8FC0-03EC182D78AB}.Debug|Any CPU.ActiveCfg = Debug|Any CPU
		{C4225AD5-0CCC-4506-8FC0-03EC182D78AB}.Debug|Any CPU.Build.0 = Debug|Any CPU
		{C4225AD5-0CCC-4506-8FC0-03EC182D78AB}.Release|Any CPU.ActiveCfg = Release|Any CPU
		{C4225AD5-0CCC-4506-8FC0-03EC182D78AB}.Release|Any CPU.Build.0 = Release|Any CPU
		{9C30BA1E-7FA9-4E8D-8FEA-692CAAC20EB8}.Debug|Any CPU.ActiveCfg = Debug|Any CPU
		{9C30BA1E-7FA9-4E8D-8FEA-692CAAC20EB8}.Debug|Any CPU.Build.0 = Debug|Any CPU
		{9C30BA1E-7FA9-4E8D-8FEA-692CAAC20EB8}.Release|Any CPU.ActiveCfg = Release|Any CPU
		{9C30BA1E-7FA9-4E8D-8FEA-692CAAC20EB8}.Release|Any CPU.Build.0 = Release|Any CPU
		{6DC0E87A-CA21-4B40-82C5-FF5671EB763A}.Debug|Any CPU.ActiveCfg = Debug|Any CPU
		{6DC0E87A-CA21-4B40-82C5-FF5671EB763A}.Debug|Any CPU.Build.0 = Debug|Any CPU
		{6DC0E87A-CA21-4B40-82C5-FF5671EB763A}.Release|Any CPU.ActiveCfg = Release|Any CPU
		{6DC0E87A-CA21-4B40-82C5-FF5671EB763A}.Release|Any CPU.Build.0 = Release|Any CPU
		{D82DB4F8-419E-4173-9ABF-2A3F5CBE6A03}.Debug|Any CPU.ActiveCfg = Debug|Any CPU
		{D82DB4F8-419E-4173-9ABF-2A3F5CBE6A03}.Debug|Any CPU.Build.0 = Debug|Any CPU
		{D82DB4F8-419E-4173-9ABF-2A3F5CBE6A03}.Release|Any CPU.ActiveCfg = Release|Any CPU
		{D82DB4F8-419E-4173-9ABF-2A3F5CBE6A03}.Release|Any CPU.Build.0 = Release|Any CPU
		{13FCFB4F-A078-4418-8CDE-BDBD40E8A447}.Debug|Any CPU.ActiveCfg = Debug|Any CPU
		{13FCFB4F-A078-4418-8CDE-BDBD40E8A447}.Debug|Any CPU.Build.0 = Debug|Any CPU
		{13FCFB4F-A078-4418-8CDE-BDBD40E8A447}.Release|Any CPU.ActiveCfg = Release|Any CPU
		{13FCFB4F-A078-4418-8CDE-BDBD40E8A447}.Release|Any CPU.Build.0 = Release|Any CPU
		{83C4A9A4-2856-41D7-8A99-D9B8B836945A}.Debug|Any CPU.ActiveCfg = Debug|Any CPU
		{83C4A9A4-2856-41D7-8A99-D9B8B836945A}.Debug|Any CPU.Build.0 = Debug|Any CPU
		{83C4A9A4-2856-41D7-8A99-D9B8B836945A}.Release|Any CPU.ActiveCfg = Release|Any CPU
		{83C4A9A4-2856-41D7-8A99-D9B8B836945A}.Release|Any CPU.Build.0 = Release|Any CPU
	EndGlobalSection
	GlobalSection(SolutionProperties) = preSolution
		HideSolutionNode = FALSE
	EndGlobalSection
	GlobalSection(NestedProjects) = preSolution
		{599D24FB-8BEB-48A0-B8AA-C73B6FEB1E12} = {A3899168-EEE5-42DB-9BA7-4397F589B785}
		{18EBB1DD-896C-4F51-A96A-41CDBDA23335} = {A3899168-EEE5-42DB-9BA7-4397F589B785}
		{4B23EC59-9493-40B6-9ED2-E70AD1C4FDD8} = {A3899168-EEE5-42DB-9BA7-4397F589B785}
		{34B4B111-80D3-403B-A20F-16E9AB45DDBB} = {A3899168-EEE5-42DB-9BA7-4397F589B785}
		{D84A0DB6-9F3A-4006-9DE3-913CFC82C787} = {A1D06767-CB7B-46C7-8FF1-3A61D9CCC8DA}
		{DB6AC4B5-4C15-4426-9EE8-BDA89F1CF450} = {A1D06767-CB7B-46C7-8FF1-3A61D9CCC8DA}
		{2C21ABBD-F527-4BF1-A58F-3F3D740ACC55} = {A1D06767-CB7B-46C7-8FF1-3A61D9CCC8DA}
		{808897E0-B4C9-4C51-ADB3-9ABCDC73327C} = {A1D06767-CB7B-46C7-8FF1-3A61D9CCC8DA}
		{FD2BDAED-8BC5-4866-98EB-71A94E1B3D5F} = {20261243-ABAD-4CC0-AC62-75C821895EE0}
		{982C4738-4925-4401-8138-8E1B4842C08A} = {20261243-ABAD-4CC0-AC62-75C821895EE0}
		{F34B25D5-BFB5-496D-9742-9C8C549091C3} = {18EBB1DD-896C-4F51-A96A-41CDBDA23335}
		{0F5D1FD9-D440-476C-9E5A-004ED5358FC4} = {18EBB1DD-896C-4F51-A96A-41CDBDA23335}
		{2B884861-8F0C-41F3-9ADB-C0985463DC5C} = {599D24FB-8BEB-48A0-B8AA-C73B6FEB1E12}
		{F8CC873B-75F6-4993-BA1B-B4E8DB2D4037} = {34B4B111-80D3-403B-A20F-16E9AB45DDBB}
		{166F6D05-3E65-4B36-9620-8A3809D6A747} = {34B4B111-80D3-403B-A20F-16E9AB45DDBB}
		{E97F17B6-1AEA-4AC5-A168-C6FFF1255343} = {599D24FB-8BEB-48A0-B8AA-C73B6FEB1E12}
		{071AF694-2128-4DB8-BFA5-04CEC2265B23} = {34B4B111-80D3-403B-A20F-16E9AB45DDBB}
		{0655C987-D8F1-4297-BD7E-B1D716A10EAA} = {599D24FB-8BEB-48A0-B8AA-C73B6FEB1E12}
		{8F7D628B-5891-46A6-B0BA-9467EE5C46A5} = {34B4B111-80D3-403B-A20F-16E9AB45DDBB}
		{D53D2A2D-680C-4213-AB44-71966A7C8171} = {18EBB1DD-896C-4F51-A96A-41CDBDA23335}
		{D0D0FA8B-7ED5-46CA-B542-624BA9AA7E5F} = {4B23EC59-9493-40B6-9ED2-E70AD1C4FDD8}
		{BE675E8C-46AB-4267-850D-47628B4777FC} = {4B23EC59-9493-40B6-9ED2-E70AD1C4FDD8}
		{D9BCA2F9-190C-4B7E-8A99-3BC94FBE94C6} = {4B23EC59-9493-40B6-9ED2-E70AD1C4FDD8}
		{71F654C9-5AC3-465F-88FE-0910E6636A78} = {D84A0DB6-9F3A-4006-9DE3-913CFC82C787}
		{A42D3140-6504-4114-BA0D-DBC8760547E5} = {D84A0DB6-9F3A-4006-9DE3-913CFC82C787}
		{0A73ABD3-B997-45CC-93E6-E99B93576C40} = {D84A0DB6-9F3A-4006-9DE3-913CFC82C787}
		{77FF564F-8186-4DA3-BCB5-42B2AB0560F3} = {DB6AC4B5-4C15-4426-9EE8-BDA89F1CF450}
		{20CEB52D-8B69-4A51-B0A3-A9DF4FC407A7} = {DB6AC4B5-4C15-4426-9EE8-BDA89F1CF450}
		{0127CDEC-407C-47B7-8711-7A52CD6B70F2} = {DB6AC4B5-4C15-4426-9EE8-BDA89F1CF450}
		{E23065D4-DB67-41AB-9905-5A61FA7724F6} = {2C21ABBD-F527-4BF1-A58F-3F3D740ACC55}
		{E24283AF-AC46-4B09-B92F-4C39211DF17B} = {2C21ABBD-F527-4BF1-A58F-3F3D740ACC55}
		{32BAF72D-D19F-4F6A-9FDD-8934766BEBEE} = {2C21ABBD-F527-4BF1-A58F-3F3D740ACC55}
		{691F6739-2839-48CE-8AA9-AED5165E8747} = {2C21ABBD-F527-4BF1-A58F-3F3D740ACC55}
		{E4426C17-52BB-4CC2-A988-74E12FAA188A} = {808897E0-B4C9-4C51-ADB3-9ABCDC73327C}
		{BD9704F6-60A2-46F1-AB9D-6FA5CC1A39B9} = {808897E0-B4C9-4C51-ADB3-9ABCDC73327C}
		{F1A3C9F0-76B8-46BD-AA94-54ED5F6AC202} = {808897E0-B4C9-4C51-ADB3-9ABCDC73327C}
		{7A1A3BDB-BC03-4992-917F-0350572DA3DD} = {982C4738-4925-4401-8138-8E1B4842C08A}
		{FE73AE6A-1D2C-41F2-8204-7AA66109BFD0} = {982C4738-4925-4401-8138-8E1B4842C08A}
		{80854CDA-CCFE-4B4B-982E-B3AC64D3DA54} = {982C4738-4925-4401-8138-8E1B4842C08A}
		{DA0091ED-67F2-46A0-91D8-2CCF04DF0971} = {FD2BDAED-8BC5-4866-98EB-71A94E1B3D5F}
		{C4225AD5-0CCC-4506-8FC0-03EC182D78AB} = {FD2BDAED-8BC5-4866-98EB-71A94E1B3D5F}
		{9C30BA1E-7FA9-4E8D-8FEA-692CAAC20EB8} = {FD2BDAED-8BC5-4866-98EB-71A94E1B3D5F}
		{6DC0E87A-CA21-4B40-82C5-FF5671EB763A} = {5682C434-6EBD-4AF8-A5F3-9D9AF1BDD2A2}
		{D82DB4F8-419E-4173-9ABF-2A3F5CBE6A03} = {5682C434-6EBD-4AF8-A5F3-9D9AF1BDD2A2}
		{13FCFB4F-A078-4418-8CDE-BDBD40E8A447} = {1E378FDA-B062-4C1C-9466-6F83BA28F63D}
		{83C4A9A4-2856-41D7-8A99-D9B8B836945A} = {1E378FDA-B062-4C1C-9466-6F83BA28F63D}
	EndGlobalSection
	GlobalSection(ExtensibilityGlobals) = postSolution
		SolutionGuid = {3B38B5F7-20BB-4ABB-9556-BBCC66C3C5FC}
	EndGlobalSection
EndGlobal
